
Microsoft Visual Studio Solution File, Format Version 12.00
# Visual Studio Version 17
VisualStudioVersion = 17.6.33815.320
MinimumVisualStudioVersion = 10.0.40219.1
Project("{8BC9CEB8-8B4A-11D0-8D11-00A0C91BC942}") = "GL_Defualt_Pipeline", "GL_Defualt_Pipeline.vcxproj", "{D4215BE7-C0B9-4CCC-B246-A38B1877D4A8}"
EndProject
Global
	GlobalSection(SolutionConfigurationPlatforms) = preSolution
		Debug|x64 = Debug|x64
		Debug|x86 = Debug|x86
		Release|x64 = Release|x64
		Release|x86 = Release|x86
	EndGlobalSection
	GlobalSection(ProjectConfigurationPlatforms) = postSolution
		{D4215BE7-C0B9-4CCC-B246-A38B1877D4A8}.Debug|x64.ActiveCfg = Debug|x64
		{D4215BE7-C0B9-4CCC-B246-A38B1877D4A8}.Debug|x64.Build.0 = Debug|x64
		{D4215BE7-C0B9-4CCC-B246-A38B1877D4A8}.Debug|x86.ActiveCfg = Debug|Win32
		{D4215BE7-C0B9-4CCC-B246-A38B1877D4A8}.Debug|x86.Build.0 = Debug|Win32
		{D4215BE7-C0B9-4CCC-B246-A38B1877D4A8}.Release|x64.ActiveCfg = Release|x64
		{D4215BE7-C0B9-4CCC-B246-A38B1877D4A8}.Release|x64.Build.0 = Release|x64
		{D4215BE7-C0B9-4CCC-B246-A38B1877D4A8}.Release|x86.ActiveCfg = Release|Win32
		{D4215BE7-C0B9-4CCC-B246-A38B1877D4A8}.Release|x86.Build.0 = Release|Win32
	EndGlobalSection
	GlobalSection(SolutionProperties) = preSolution
		HideSolutionNode = FALSE
	EndGlobalSection
	GlobalSection(ExtensibilityGlobals) = postSolution
		SolutionGuid = {3C4286F1-3A38-400D-B024-260A4B23D021}
	EndGlobalSection
EndGlobal
